{
  "name": "md2an-for-site",
  "version": "1.0.0",
  "lockfileVersion": 1,
  "requires": true,
  "dependencies": {
    "debug": {
      "version": "4.3.1",
      "resolved": "https://registry.npmjs.org/debug/-/debug-4.3.1.tgz",
      "integrity": "sha512-doEwdvm4PCeK4K3RQN2ZC2BYUBaxwLARCqZmMjtF8a51J2Rb0xpVloFRnCODwqjpwnAoao4pelN8l3RJdv3gRQ==",
      "requires": {
        "ms": "2.1.2"
      }
    },
    "he": {
      "version": "1.2.0",
      "resolved": "https://registry.npmjs.org/he/-/he-1.2.0.tgz",
      "integrity": "sha512-F/1DnUGPopORZi0ni+CvrCgHQ5FyEAHRLSApuYWMmrbSwoN2Mn/7k+Gl38gJnR7yyDZk6WLXwiGod1JOWNDKGw=="
    },
    "jsontoxml": {
      "version": "1.0.1",
      "resolved": "https://registry.npmjs.org/jsontoxml/-/jsontoxml-1.0.1.tgz",
      "integrity": "sha512-dtKGq0K8EWQBRqcAaePSgKR4Hyjfsz/LkurHSV3Cxk4H+h2fWDeaN2jzABz+ZmOJylgXS7FGeWmbZ6jgYUMdJQ=="
    },
    "lodash": {
      "version": "4.17.21",
      "resolved": "https://registry.npmjs.org/lodash/-/lodash-4.17.21.tgz",
      "integrity": "sha512-v2kDEe57lecTulaDIuNTPy3Ry4gLGJ6Z1O3vE1krgXZNrsQ+LFTGHVxVjcXPs17LhbZVGedAJv8XZ1tvj5FvSg=="
    },
    "marked": {
      "version": "0.7.0",
      "resolved": "https://registry.npmjs.org/marked/-/marked-0.7.0.tgz",
      "integrity": "sha512-c+yYdCZJQrsRjTPhUx7VKkApw9bwDkNbHUKo1ovgcfDjb2kc8rLuRbIFyXL5WOEUwzSSKo3IXpph2K6DqB/KZg=="
    },
    "ms": {
      "version": "2.1.2",
      "resolved": "https://registry.npmjs.org/ms/-/ms-2.1.2.tgz",
      "integrity": "sha512-sGkPx+VjMtmA6MX27oA4FBFELFCZZ4S4XqeGOXCv68tT+jb3vk/RyaKWP0PTKyWtmLSM0b+adUTEvbs1PEaH2w=="
    },
    "node-fetch": {
      "version": "2.6.1",
      "resolved": "https://registry.npmjs.org/node-fetch/-/node-fetch-2.6.1.tgz",
      "integrity": "sha512-V4aYg89jEoVRxRb2fJdAg8FHvI7cEyYdVAh94HH0UIK8oJxUfkjlDQN9RbMx+bEjP7+ggMiFRprSti032Oipxw=="
    },
    "viz.js": {
      "version": "2.1.2",
      "resolved": "https://registry.npmjs.org/viz.js/-/viz.js-2.1.2.tgz",
      "integrity": "sha512-UO6CPAuEMJ8oNR0gLLNl+wUiIzQUsyUOp8SyyDKTqVRBtq7kk1VnFmIZW8QufjxGrGEuI+LVR7p/C7uEKy0LQw=="
    },
    "xml-formatter": {
      "version": "1.2.1",
      "resolved": "https://registry.npmjs.org/xml-formatter/-/xml-formatter-1.2.1.tgz",
      "integrity": "sha512-IJDyT5sKfycXuFa2bz1y57i1lGhM9PSMleXcJ/leTNcNfZOM36oqVRJcuUAyGDnihcLSXEgTFwqdyfloeiPkxQ==",
      "requires": {
        "xml-parser-xo": "^2.1.1"
      }
    },
    "xml-parser-xo": {
      "version": "2.2.1",
      "resolved": "https://registry.npmjs.org/xml-parser-xo/-/xml-parser-xo-2.2.1.tgz",
      "integrity": "sha512-B2UQmGDfLwRwbes170JImMR+szKcUbj7rHVhqOsKShbpqOtQ7Kxwd47CRgNEgb+AJp7Lx73cm1z/Hf8tuP+zxw==",
      "requires": {
        "debug": "^4.1.1"
      }
    }
  }
}
